// !$*UTF8*$!
{
	archiveVersion = 1;
	classes = {
	};
	objectVersion = 55;
	objects = {

/* Begin PBXBuildFile section */
		41500FAA27E2E639007C9333 /* mic in Resources */ = {isa = PBXBuildFile; fileRef = 41500FA927E2E638007C9333 /* mic */; };
		C623B86C27D88C5600E027AE /* AppDelegate.swift in Sources */ = {isa = PBXBuildFile; fileRef = C623B86B27D88C5600E027AE /* AppDelegate.swift */; };
		C623B86E27D88C5600E027AE /* SceneDelegate.swift in Sources */ = {isa = PBXBuildFile; fileRef = C623B86D27D88C5600E027AE /* SceneDelegate.swift */; };
		C623B87027D88C5600E027AE /* ViewController.swift in Sources */ = {isa = PBXBuildFile; fileRef = C623B86F27D88C5600E027AE /* ViewController.swift */; };
		C623B87327D88C5600E027AE /* Main.storyboard in Resources */ = {isa = PBXBuildFile; fileRef = C623B87127D88C5600E027AE /* Main.storyboard */; };
		C623B87527D88C5800E027AE /* Assets.xcassets in Resources */ = {isa = PBXBuildFile; fileRef = C623B87427D88C5800E027AE /* Assets.xcassets */; };
		C623B87827D88C5800E027AE /* LaunchScreen.storyboard in Resources */ = {isa = PBXBuildFile; fileRef = C623B87627D88C5800E027AE /* LaunchScreen.storyboard */; };
		C6C08A2B27D9E4630035797B /* Plane.swift in Sources */ = {isa = PBXBuildFile; fileRef = C6C08A2927D9A80C0035797B /* Plane.swift */; };
		C6D01AB727DAF3F2009D52BA /* Types.swift in Sources */ = {isa = PBXBuildFile; fileRef = C6D01AB627DAF3F2009D52BA /* Types.swift */; };
		C6D01AE027DC1B7D009D52BA /* ShaderScene.swift in Sources */ = {isa = PBXBuildFile; fileRef = C6D01ADF27DC1B7D009D52BA /* ShaderScene.swift */; };
		C6D01B0427DC35AA009D52BA /* NeRFNode.swift in Sources */ = {isa = PBXBuildFile; fileRef = C6D01B0327DC35AA009D52BA /* NeRFNode.swift */; };
		C6D01B0527DC3B6D009D52BA /* Shader.metal in Sources */ = {isa = PBXBuildFile; fileRef = C6C08A2727D9A5920035797B /* Shader.metal */; };
		C6D01B0727DC43AA009D52BA /* lego in Resources */ = {isa = PBXBuildFile; fileRef = C6D01B0627DC43AA009D52BA /* lego */; };
		C6D01B0A27DC5275009D52BA /* DataLoader.swift in Sources */ = {isa = PBXBuildFile; fileRef = C6D01B0927DC5275009D52BA /* DataLoader.swift */; };
/* End PBXBuildFile section */

/* Begin PBXFileReference section */
		41500FA927E2E638007C9333 /* mic */ = {isa = PBXFileReference; lastKnownFileType = folder; path = mic; sourceTree = "<group>"; };
		C623B86827D88C5600E027AE /* NeRFViewer.app */ = {isa = PBXFileReference; explicitFileType = wrapper.application; includeInIndex = 0; path = NeRFViewer.app; sourceTree = BUILT_PRODUCTS_DIR; };
		C623B86B27D88C5600E027AE /* AppDelegate.swift */ = {isa = PBXFileReference; lastKnownFileType = sourcecode.swift; path = AppDelegate.swift; sourceTree = "<group>"; };
		C623B86D27D88C5600E027AE /* SceneDelegate.swift */ = {isa = PBXFileReference; lastKnownFileType = sourcecode.swift; path = SceneDelegate.swift; sourceTree = "<group>"; };
		C623B86F27D88C5600E027AE /* ViewController.swift */ = {isa = PBXFileReference; lastKnownFileType = sourcecode.swift; path = ViewController.swift; sourceTree = "<group>"; };
		C623B87227D88C5600E027AE /* Base */ = {isa = PBXFileReference; lastKnownFileType = file.storyboard; name = Base; path = Base.lproj/Main.storyboard; sourceTree = "<group>"; };
		C623B87427D88C5800E027AE /* Assets.xcassets */ = {isa = PBXFileReference; lastKnownFileType = folder.assetcatalog; path = Assets.xcassets; sourceTree = "<group>"; };
		C623B87727D88C5800E027AE /* Base */ = {isa = PBXFileReference; lastKnownFileType = file.storyboard; name = Base; path = Base.lproj/LaunchScreen.storyboard; sourceTree = "<group>"; };
		C623B87927D88C5800E027AE /* Info.plist */ = {isa = PBXFileReference; lastKnownFileType = text.plist.xml; path = Info.plist; sourceTree = "<group>"; };
		C6C08A2727D9A5920035797B /* Shader.metal */ = {isa = PBXFileReference; lastKnownFileType = sourcecode.metal; path = Shader.metal; sourceTree = "<group>"; };
		C6C08A2927D9A80C0035797B /* Plane.swift */ = {isa = PBXFileReference; lastKnownFileType = sourcecode.swift; path = Plane.swift; sourceTree = "<group>"; };
		C6D01AB627DAF3F2009D52BA /* Types.swift */ = {isa = PBXFileReference; lastKnownFileType = sourcecode.swift; path = Types.swift; sourceTree = "<group>"; };
		C6D01ADF27DC1B7D009D52BA /* ShaderScene.swift */ = {isa = PBXFileReference; lastKnownFileType = sourcecode.swift; path = ShaderScene.swift; sourceTree = "<group>"; };
		C6D01B0327DC35AA009D52BA /* NeRFNode.swift */ = {isa = PBXFileReference; lastKnownFileType = sourcecode.swift; path = NeRFNode.swift; sourceTree = "<group>"; };
		C6D01B0627DC43AA009D52BA /* lego */ = {isa = PBXFileReference; lastKnownFileType = folder; path = lego; sourceTree = "<group>"; };
		C6D01B0927DC5275009D52BA /* DataLoader.swift */ = {isa = PBXFileReference; lastKnownFileType = sourcecode.swift; path = DataLoader.swift; sourceTree = "<group>"; };
/* End PBXFileReference section */

/* Begin PBXFrameworksBuildPhase section */
		C623B86527D88C5600E027AE /* Frameworks */ = {
			isa = PBXFrameworksBuildPhase;
			buildActionMask = 2147483647;
			files = (
			);
			runOnlyForDeploymentPostprocessing = 0;
		};
/* End PBXFrameworksBuildPhase section */

/* Begin PBXGroup section */
		C623B85F27D88C5600E027AE = {
			isa = PBXGroup;
			children = (
				C623B86A27D88C5600E027AE /* NeRFViewer */,
				C623B86927D88C5600E027AE /* Products */,
			);
			sourceTree = "<group>";
		};
		C623B86927D88C5600E027AE /* Products */ = {
			isa = PBXGroup;
			children = (
				C623B86827D88C5600E027AE /* NeRFViewer.app */,
			);
			name = Products;
			sourceTree = "<group>";
		};
		C623B86A27D88C5600E027AE /* NeRFViewer */ = {
			isa = PBXGroup;
			children = (
				C6D01B0027DC1DF5009D52BA /* Do not change */,
				C6D01AB827DAFE73009D52BA /* Renderer */,
				C623B86F27D88C5600E027AE /* ViewController.swift */,
				C6D01ADF27DC1B7D009D52BA /* ShaderScene.swift */,
				C6D01B0327DC35AA009D52BA /* NeRFNode.swift */,
				C6D01B0927DC5275009D52BA /* DataLoader.swift */,
				C6C08A2927D9A80C0035797B /* Plane.swift */,
				C623B87127D88C5600E027AE /* Main.storyboard */,
				C623B87427D88C5800E027AE /* Assets.xcassets */,
				C623B87627D88C5800E027AE /* LaunchScreen.storyboard */,
				C6D01B0827DC43D1009D52BA /* objects */,
				C623B87927D88C5800E027AE /* Info.plist */,
			);
			path = NeRFViewer;
			sourceTree = "<group>";
		};
		C6D01AB827DAFE73009D52BA /* Renderer */ = {
			isa = PBXGroup;
			children = (
				C6C08A2727D9A5920035797B /* Shader.metal */,
				C6D01AB627DAF3F2009D52BA /* Types.swift */,
			);
			path = Renderer;
			sourceTree = "<group>";
		};
		C6D01B0027DC1DF5009D52BA /* Do not change */ = {
			isa = PBXGroup;
			children = (
				C623B86B27D88C5600E027AE /* AppDelegate.swift */,
				C623B86D27D88C5600E027AE /* SceneDelegate.swift */,
			);
			path = "Do not change";
			sourceTree = "<group>";
		};
		C6D01B0827DC43D1009D52BA /* objects */ = {
			isa = PBXGroup;
			children = (
				41500FA927E2E638007C9333 /* mic */,
				C6D01B0627DC43AA009D52BA /* lego */,
			);
			path = objects;
			sourceTree = "<group>";
		};
/* End PBXGroup section */

/* Begin PBXNativeTarget section */
		C623B86727D88C5600E027AE /* NeRFViewer */ = {
			isa = PBXNativeTarget;
			buildConfigurationList = C623B87C27D88C5800E027AE /* Build configuration list for PBXNativeTarget "NeRFViewer" */;
			buildPhases = (
				C623B86427D88C5600E027AE /* Sources */,
				C623B86527D88C5600E027AE /* Frameworks */,
				C623B86627D88C5600E027AE /* Resources */,
			);
			buildRules = (
			);
			dependencies = (
			);
			name = NeRFViewer;
			productName = BrightnessShader;
			productReference = C623B86827D88C5600E027AE /* NeRFViewer.app */;
			productType = "com.apple.product-type.application";
		};
/* End PBXNativeTarget section */

/* Begin PBXProject section */
		C623B86027D88C5600E027AE /* Project object */ = {
			isa = PBXProject;
			attributes = {
				BuildIndependentTargetsInParallel = 1;
				LastSwiftUpdateCheck = 1320;
				LastUpgradeCheck = 1320;
				TargetAttributes = {
					C623B86727D88C5600E027AE = {
						CreatedOnToolsVersion = 13.2.1;
					};
				};
			};
			buildConfigurationList = C623B86327D88C5600E027AE /* Build configuration list for PBXProject "NeRFViewer" */;
			compatibilityVersion = "Xcode 13.0";
			developmentRegion = en;
			hasScannedForEncodings = 0;
			knownRegions = (
				en,
				Base,
			);
			mainGroup = C623B85F27D88C5600E027AE;
			productRefGroup = C623B86927D88C5600E027AE /* Products */;
			projectDirPath = "";
			projectRoot = "";
			targets = (
				C623B86727D88C5600E027AE /* NeRFViewer */,
			);
		};
/* End PBXProject section */

/* Begin PBXResourcesBuildPhase section */
		C623B86627D88C5600E027AE /* Resources */ = {
			isa = PBXResourcesBuildPhase;
			buildActionMask = 2147483647;
			files = (
				C623B87827D88C5800E027AE /* LaunchScreen.storyboard in Resources */,
				41500FAA27E2E639007C9333 /* mic in Resources */,
				C623B87527D88C5800E027AE /* Assets.xcassets in Resources */,
				C623B87327D88C5600E027AE /* Main.storyboard in Resources */,
				C6D01B0727DC43AA009D52BA /* lego in Resources */,
			);
			runOnlyForDeploymentPostprocessing = 0;
		};
/* End PBXResourcesBuildPhase section */

/* Begin PBXSourcesBuildPhase section */
		C623B86427D88C5600E027AE /* Sources */ = {
			isa = PBXSourcesBuildPhase;
			buildActionMask = 2147483647;
			files = (
				C6D01B0A27DC5275009D52BA /* DataLoader.swift in Sources */,
				C6D01B0427DC35AA009D52BA /* NeRFNode.swift in Sources */,
				C623B87027D88C5600E027AE /* ViewController.swift in Sources */,
				C623B86C27D88C5600E027AE /* AppDelegate.swift in Sources */,
				C6D01AB727DAF3F2009D52BA /* Types.swift in Sources */,
				C6C08A2B27D9E4630035797B /* Plane.swift in Sources */,
				C6D01AE027DC1B7D009D52BA /* ShaderScene.swift in Sources */,
				C623B86E27D88C5600E027AE /* SceneDelegate.swift in Sources */,
				C6D01B0527DC3B6D009D52BA /* Shader.metal in Sources */,
			);
			runOnlyForDeploymentPostprocessing = 0;
		};
/* End PBXSourcesBuildPhase section */

/* Begin PBXVariantGroup section */
		C623B87127D88C5600E027AE /* Main.storyboard */ = {
			isa = PBXVariantGroup;
			children = (
				C623B87227D88C5600E027AE /* Base */,
			);
			name = Main.storyboard;
			sourceTree = "<group>";
		};
		C623B87627D88C5800E027AE /* LaunchScreen.storyboard */ = {
			isa = PBXVariantGroup;
			children = (
				C623B87727D88C5800E027AE /* Base */,
			);
			name = LaunchScreen.storyboard;
			sourceTree = "<group>";
		};
/* End PBXVariantGroup section */

/* Begin XCBuildConfiguration section */
		C623B87A27D88C5800E027AE /* Debug */ = {
			isa = XCBuildConfiguration;
			buildSettings = {
				ALWAYS_SEARCH_USER_PATHS = NO;
				CLANG_ANALYZER_NONNULL = YES;
				CLANG_ANALYZER_NUMBER_OBJECT_CONVERSION = YES_AGGRESSIVE;
				CLANG_CXX_LANGUAGE_STANDARD = "gnu++17";
				CLANG_CXX_LIBRARY = "libc++";
				CLANG_ENABLE_MODULES = YES;
				CLANG_ENABLE_OBJC_ARC = YES;
				CLANG_ENABLE_OBJC_WEAK = YES;
				CLANG_WARN_BLOCK_CAPTURE_AUTORELEASING = YES;
				CLANG_WARN_BOOL_CONVERSION = YES;
				CLANG_WARN_COMMA = YES;
				CLANG_WARN_CONSTANT_CONVERSION = YES;
				CLANG_WARN_DEPRECATED_OBJC_IMPLEMENTATIONS = YES;
				CLANG_WARN_DIRECT_OBJC_ISA_USAGE = YES_ERROR;
				CLANG_WARN_DOCUMENTATION_COMMENTS = YES;
				CLANG_WARN_EMPTY_BODY = YES;
				CLANG_WARN_ENUM_CONVERSION = YES;
				CLANG_WARN_INFINITE_RECURSION = YES;
				CLANG_WARN_INT_CONVERSION = YES;
				CLANG_WARN_NON_LITERAL_NULL_CONVERSION = YES;
				CLANG_WARN_OBJC_IMPLICIT_RETAIN_SELF = YES;
				CLANG_WARN_OBJC_LITERAL_CONVERSION = YES;
				CLANG_WARN_OBJC_ROOT_CLASS = YES_ERROR;
				CLANG_WARN_QUOTED_INCLUDE_IN_FRAMEWORK_HEADER = YES;
				CLANG_WARN_RANGE_LOOP_ANALYSIS = YES;
				CLANG_WARN_STRICT_PROTOTYPES = YES;
				CLANG_WARN_SUSPICIOUS_MOVE = YES;
				CLANG_WARN_UNGUARDED_AVAILABILITY = YES_AGGRESSIVE;
				CLANG_WARN_UNREACHABLE_CODE = YES;
				CLANG_WARN__DUPLICATE_METHOD_MATCH = YES;
				COPY_PHASE_STRIP = NO;
				DEBUG_INFORMATION_FORMAT = dwarf;
				ENABLE_STRICT_OBJC_MSGSEND = YES;
				ENABLE_TESTABILITY = YES;
				GCC_C_LANGUAGE_STANDARD = gnu11;
				GCC_DYNAMIC_NO_PIC = NO;
				GCC_NO_COMMON_BLOCKS = YES;
				GCC_OPTIMIZATION_LEVEL = 0;
				GCC_PREPROCESSOR_DEFINITIONS = (
					"DEBUG=1",
					"$(inherited)",
				);
				GCC_WARN_64_TO_32_BIT_CONVERSION = YES;
				GCC_WARN_ABOUT_RETURN_TYPE = YES_ERROR;
				GCC_WARN_UNDECLARED_SELECTOR = YES;
				GCC_WARN_UNINITIALIZED_AUTOS = YES_AGGRESSIVE;
				GCC_WARN_UNUSED_FUNCTION = YES;
				GCC_WARN_UNUSED_VARIABLE = YES;
				IPHONEOS_DEPLOYMENT_TARGET = 15.2;
				MTL_ENABLE_DEBUG_INFO = INCLUDE_SOURCE;
				MTL_FAST_MATH = YES;
				ONLY_ACTIVE_ARCH = YES;
				SDKROOT = iphoneos;
				SWIFT_ACTIVE_COMPILATION_CONDITIONS = DEBUG;
				SWIFT_OPTIMIZATION_LEVEL = "-Onone";
			};
			name = Debug;
		};
		C623B87B27D88C5800E027AE /* Release */ = {
			isa = XCBuildConfiguration;
			buildSettings = {
				ALWAYS_SEARCH_USER_PATHS = NO;
				CLANG_ANALYZER_NONNULL = YES;
				CLANG_ANALYZER_NUMBER_OBJECT_CONVERSION = YES_AGGRESSIVE;
				CLANG_CXX_LANGUAGE_STANDARD = "gnu++17";
				CLANG_CXX_LIBRARY = "libc++";
				CLANG_ENABLE_MODULES = YES;
				CLANG_ENABLE_OBJC_ARC = YES;
				CLANG_ENABLE_OBJC_WEAK = YES;
				CLANG_WARN_BLOCK_CAPTURE_AUTORELEASING = YES;
				CLANG_WARN_BOOL_CONVERSION = YES;
				CLANG_WARN_COMMA = YES;
				CLANG_WARN_CONSTANT_CONVERSION = YES;
				CLANG_WARN_DEPRECATED_OBJC_IMPLEMENTATIONS = YES;
				CLANG_WARN_DIRECT_OBJC_ISA_USAGE = YES_ERROR;
				CLANG_WARN_DOCUMENTATION_COMMENTS = YES;
				CLANG_WARN_EMPTY_BODY = YES;
				CLANG_WARN_ENUM_CONVERSION = YES;
				CLANG_WARN_INFINITE_RECURSION = YES;
				CLANG_WARN_INT_CONVERSION = YES;
				CLANG_WARN_NON_LITERAL_NULL_CONVERSION = YES;
				CLANG_WARN_OBJC_IMPLICIT_RETAIN_SELF = YES;
				CLANG_WARN_OBJC_LITERAL_CONVERSION = YES;
				CLANG_WARN_OBJC_ROOT_CLASS = YES_ERROR;
				CLANG_WARN_QUOTED_INCLUDE_IN_FRAMEWORK_HEADER = YES;
				CLANG_WARN_RANGE_LOOP_ANALYSIS = YES;
				CLANG_WARN_STRICT_PROTOTYPES = YES;
				CLANG_WARN_SUSPICIOUS_MOVE = YES;
				CLANG_WARN_UNGUARDED_AVAILABILITY = YES_AGGRESSIVE;
				CLANG_WARN_UNREACHABLE_CODE = YES;
				CLANG_WARN__DUPLICATE_METHOD_MATCH = YES;
				COPY_PHASE_STRIP = NO;
				DEBUG_INFORMATION_FORMAT = "dwarf-with-dsym";
				ENABLE_NS_ASSERTIONS = NO;
				ENABLE_STRICT_OBJC_MSGSEND = YES;
				GCC_C_LANGUAGE_STANDARD = gnu11;
				GCC_NO_COMMON_BLOCKS = YES;
				GCC_WARN_64_TO_32_BIT_CONVERSION = YES;
				GCC_WARN_ABOUT_RETURN_TYPE = YES_ERROR;
				GCC_WARN_UNDECLARED_SELECTOR = YES;
				GCC_WARN_UNINITIALIZED_AUTOS = YES_AGGRESSIVE;
				GCC_WARN_UNUSED_FUNCTION = YES;
				GCC_WARN_UNUSED_VARIABLE = YES;
				IPHONEOS_DEPLOYMENT_TARGET = 15.2;
				MTL_ENABLE_DEBUG_INFO = NO;
				MTL_FAST_MATH = YES;
				SDKROOT = iphoneos;
				SWIFT_COMPILATION_MODE = wholemodule;
				SWIFT_OPTIMIZATION_LEVEL = "-O";
				VALIDATE_PRODUCT = YES;
			};
			name = Release;
		};
		C623B87D27D88C5800E027AE /* Debug */ = {
			isa = XCBuildConfiguration;
			buildSettings = {
				ASSETCATALOG_COMPILER_APPICON_NAME = AppIcon;
				ASSETCATALOG_COMPILER_GLOBAL_ACCENT_COLOR_NAME = AccentColor;
				CODE_SIGN_STYLE = Automatic;
				CURRENT_PROJECT_VERSION = 1;
				DEVELOPMENT_TEAM = 534DG4DA2B;
				GENERATE_INFOPLIST_FILE = YES;
				INFOPLIST_FILE = NeRFViewer/Info.plist;
				INFOPLIST_KEY_UIApplicationSupportsIndirectInputEvents = YES;
				INFOPLIST_KEY_UILaunchStoryboardName = LaunchScreen;
				INFOPLIST_KEY_UIMainStoryboardFile = Main;
				INFOPLIST_KEY_UISupportedInterfaceOrientations_iPad = "UIInterfaceOrientationPortrait UIInterfaceOrientationPortraitUpsideDown UIInterfaceOrientationLandscapeLeft UIInterfaceOrientationLandscapeRight";
				INFOPLIST_KEY_UISupportedInterfaceOrientations_iPhone = "UIInterfaceOrientationPortrait UIInterfaceOrientationLandscapeLeft UIInterfaceOrientationLandscapeRight";
				LD_RUNPATH_SEARCH_PATHS = (
					"$(inherited)",
					"@executable_path/Frameworks",
				);
				MARKETING_VERSION = 1.0;
				PRODUCT_BUNDLE_IDENTIFIER = Untitled.NeRFViewer;
				PRODUCT_NAME = "$(TARGET_NAME)";
				SWIFT_EMIT_LOC_STRINGS = YES;
				SWIFT_VERSION = 5.0;
				TARGETED_DEVICE_FAMILY = "1,2";
			};
			name = Debug;
		};
		C623B87E27D88C5800E027AE /* Release */ = {
			isa = XCBuildConfiguration;
			buildSettings = {
				ASSETCATALOG_COMPILER_APPICON_NAME = AppIcon;
				ASSETCATALOG_COMPILER_GLOBAL_ACCENT_COLOR_NAME = AccentColor;
				CODE_SIGN_STYLE = Automatic;
				CURRENT_PROJECT_VERSION = 1;
				DEVELOPMENT_TEAM = 534DG4DA2B;
				GENERATE_INFOPLIST_FILE = YES;
				INFOPLIST_FILE = NeRFViewer/Info.plist;
				INFOPLIST_KEY_UIApplicationSupportsIndirectInputEvents = YES;
				INFOPLIST_KEY_UILaunchStoryboardName = LaunchScreen;
				INFOPLIST_KEY_UIMainStoryboardFile = Main;
				INFOPLIST_KEY_UISupportedInterfaceOrientations_iPad = "UIInterfaceOrientationPortrait UIInterfaceOrientationPortraitUpsideDown UIInterfaceOrientationLandscapeLeft UIInterfaceOrientationLandscapeRight";
				INFOPLIST_KEY_UISupportedInterfaceOrientations_iPhone = "UIInterfaceOrientationPortrait UIInterfaceOrientationLandscapeLeft UIInterfaceOrientationLandscapeRight";
				LD_RUNPATH_SEARCH_PATHS = (
					"$(inherited)",
					"@executable_path/Frameworks",
				);
				MARKETING_VERSION = 1.0;
				PRODUCT_BUNDLE_IDENTIFIER = Untitled.NeRFViewer;
				PRODUCT_NAME = "$(TARGET_NAME)";
				SWIFT_EMIT_LOC_STRINGS = YES;
				SWIFT_VERSION = 5.0;
				TARGETED_DEVICE_FAMILY = "1,2";
			};
			name = Release;
		};
/* End XCBuildConfiguration section */

/* Begin XCConfigurationList section */
		C623B86327D88C5600E027AE /* Build configuration list for PBXProject "NeRFViewer" */ = {
			isa = XCConfigurationList;
			buildConfigurations = (
				C623B87A27D88C5800E027AE /* Debug */,
				C623B87B27D88C5800E027AE /* Release */,
			);
			defaultConfigurationIsVisible = 0;
			defaultConfigurationName = Release;
		};
		C623B87C27D88C5800E027AE /* Build configuration list for PBXNativeTarget "NeRFViewer" */ = {
			isa = XCConfigurationList;
			buildConfigurations = (
				C623B87D27D88C5800E027AE /* Debug */,
				C623B87E27D88C5800E027AE /* Release */,
			);
			defaultConfigurationIsVisible = 0;
			defaultConfigurationName = Release;
		};
/* End XCConfigurationList section */
	};
	rootObject = C623B86027D88C5600E027AE /* Project object */;
}
